// !$*UTF8*$!
{
	archiveVersion = 1;
	classes = {
	};
	objectVersion = 46;
	objects = {

/* Begin PBXBuildFile section */
		14EB9BBA1DEB2C94004F628B /* AppDelegate.swift in Sources */ = {isa = PBXBuildFile; fileRef = 14EB9BB91DEB2C94004F628B /* AppDelegate.swift */; };
		14EB9BBC1DEB2C94004F628B /* FaceViewController.swift in Sources */ = {isa = PBXBuildFile; fileRef = 14EB9BBB1DEB2C94004F628B /* FaceViewController.swift */; };
		14EB9BBF1DEB2C94004F628B /* Main.storyboard in Resources */ = {isa = PBXBuildFile; fileRef = 14EB9BBD1DEB2C94004F628B /* Main.storyboard */; };
		14EB9BC11DEB2C94004F628B /* Assets.xcassets in Resources */ = {isa = PBXBuildFile; fileRef = 14EB9BC01DEB2C94004F628B /* Assets.xcassets */; };
		14EB9BC41DEB2C94004F628B /* LaunchScreen.storyboard in Resources */ = {isa = PBXBuildFile; fileRef = 14EB9BC21DEB2C94004F628B /* LaunchScreen.storyboard */; };
		14EB9BCD1DEB31FB004F628B /* Faceview.swift in Sources */ = {isa = PBXBuildFile; fileRef = 14EB9BCC1DEB31FB004F628B /* Faceview.swift */; };
/* End PBXBuildFile section */

/* Begin PBXFileReference section */
		14EB9BB61DEB2C94004F628B /* Faceit.app */ = {isa = PBXFileReference; explicitFileType = wrapper.application; includeInIndex = 0; path = Faceit.app; sourceTree = BUILT_PRODUCTS_DIR; };
		14EB9BB91DEB2C94004F628B /* AppDelegate.swift */ = {isa = PBXFileReference; lastKnownFileType = sourcecode.swift; path = AppDelegate.swift; sourceTree = "<group>"; };
		14EB9BBB1DEB2C94004F628B /* FaceViewController.swift */ = {isa = PBXFileReference; lastKnownFileType = sourcecode.swift; path = FaceViewController.swift; sourceTree = "<group>"; };
		14EB9BBE1DEB2C94004F628B /* Base */ = {isa = PBXFileReference; lastKnownFileType = file.storyboard; name = Base; path = Base.lproj/Main.storyboard; sourceTree = "<group>"; };
		14EB9BC01DEB2C94004F628B /* Assets.xcassets */ = {isa = PBXFileReference; lastKnownFileType = folder.assetcatalog; path = Assets.xcassets; sourceTree = "<group>"; };
		14EB9BC31DEB2C94004F628B /* Base */ = {isa = PBXFileReference; lastKnownFileType = file.storyboard; name = Base; path = Base.lproj/LaunchScreen.storyboard; sourceTree = "<group>"; };
		14EB9BC51DEB2C94004F628B /* Info.plist */ = {isa = PBXFileReference; lastKnownFileType = text.plist.xml; path = Info.plist; sourceTree = "<group>"; };
		14EB9BCC1DEB31FB004F628B /* Faceview.swift */ = {isa = PBXFileReference; fileEncoding = 4; lastKnownFileType = sourcecode.swift; path = Faceview.swift; sourceTree = "<group>"; };
/* End PBXFileReference section */

/* Begin PBXFrameworksBuildPhase section */
		14EB9BB31DEB2C93004F628B /* Frameworks */ = {
			isa = PBXFrameworksBuildPhase;
			buildActionMask = 2147483647;
			files = (
			);
			runOnlyForDeploymentPostprocessing = 0;
		};
/* End PBXFrameworksBuildPhase section */

/* Begin PBXGroup section */
		14EB9BAD1DEB2C93004F628B = {
			isa = PBXGroup;
			children = (
				14EB9BB81DEB2C94004F628B /* Faceit */,
				14EB9BB71DEB2C94004F628B /* Products */,
			);
			sourceTree = "<group>";
		};
		14EB9BB71DEB2C94004F628B /* Products */ = {
			isa = PBXGroup;
			children = (
				14EB9BB61DEB2C94004F628B /* Faceit.app */,
			);
			name = Products;
			sourceTree = "<group>";
		};
		14EB9BB81DEB2C94004F628B /* Faceit */ = {
			isa = PBXGroup;
			children = (
				14EB9BCB1DEB2CD2004F628B /* Resources */,
				14EB9BBB1DEB2C94004F628B /* FaceViewController.swift */,
				14EB9BBD1DEB2C94004F628B /* Main.storyboard */,
				14EB9BCC1DEB31FB004F628B /* Faceview.swift */,
			);
			path = Faceit;
			sourceTree = "<group>";
		};
		14EB9BCB1DEB2CD2004F628B /* Resources */ = {
			isa = PBXGroup;
			children = (
				14EB9BB91DEB2C94004F628B /* AppDelegate.swift */,
				14EB9BC01DEB2C94004F628B /* Assets.xcassets */,
				14EB9BC21DEB2C94004F628B /* LaunchScreen.storyboard */,
				14EB9BC51DEB2C94004F628B /* Info.plist */,
			);
			name = Resources;
			sourceTree = "<group>";
		};
/* End PBXGroup section */

/* Begin PBXNativeTarget section */
		14EB9BB51DEB2C93004F628B /* Faceit */ = {
			isa = PBXNativeTarget;
			buildConfigurationList = 14EB9BC81DEB2C94004F628B /* Build configuration list for PBXNativeTarget "Faceit" */;
			buildPhases = (
				14EB9BB21DEB2C93004F628B /* Sources */,
				14EB9BB31DEB2C93004F628B /* Frameworks */,
				14EB9BB41DEB2C93004F628B /* Resources */,
			);
			buildRules = (
			);
			dependencies = (
			);
			name = Faceit;
			productName = Faceit;
			productReference = 14EB9BB61DEB2C94004F628B /* Faceit.app */;
			productType = "com.apple.product-type.application";
		};
/* End PBXNativeTarget section */

/* Begin PBXProject section */
		14EB9BAE1DEB2C93004F628B /* Project object */ = {
			isa = PBXProject;
			attributes = {
				LastSwiftUpdateCheck = 0810;
				LastUpgradeCheck = 0810;
				ORGANIZATIONNAME = "Jason Shepherd";
				TargetAttributes = {
					14EB9BB51DEB2C93004F628B = {
						CreatedOnToolsVersion = 8.1;
						DevelopmentTeam = MV849Z9VUB;
						ProvisioningStyle = Automatic;
					};
				};
			};
			buildConfigurationList = 14EB9BB11DEB2C93004F628B /* Build configuration list for PBXProject "Faceit" */;
			compatibilityVersion = "Xcode 3.2";
			developmentRegion = English;
			hasScannedForEncodings = 0;
			knownRegions = (
				en,
				Base,
			);
			mainGroup = 14EB9BAD1DEB2C93004F628B;
			productRefGroup = 14EB9BB71DEB2C94004F628B /* Products */;
			projectDirPath = "";
			projectRoot = "";
			targets = (
				14EB9BB51DEB2C93004F628B /* Faceit */,
			);
		};
/* End PBXProject section */

/* Begin PBXResourcesBuildPhase section */
		14EB9BB41DEB2C93004F628B /* Resources */ = {
			isa = PBXResourcesBuildPhase;
			buildActionMask = 2147483647;
			files = (
				14EB9BC41DEB2C94004F628B /* LaunchScreen.storyboard in Resources */,
				14EB9BC11DEB2C94004F628B /* Assets.xcassets in Resources */,
				14EB9BBF1DEB2C94004F628B /* Main.storyboard in Resources */,
			);
			runOnlyForDeploymentPostprocessing = 0;
		};
/* End PBXResourcesBuildPhase section */

/* Begin PBXSourcesBuildPhase section */
		14EB9BB21DEB2C93004F628B /* Sources */ = {
			isa = PBXSourcesBuildPhase;
			buildActionMask = 2147483647;
			files = (
				14EB9BBC1DEB2C94004F628B /* FaceViewController.swift in Sources */,
				14EB9BCD1DEB31FB004F628B /* Faceview.swift in Sources */,
				14EB9BBA1DEB2C94004F628B /* AppDelegate.swift in Sources */,
			);
			runOnlyForDeploymentPostprocessing = 0;
		};
/* End PBXSourcesBuildPhase section */

/* Begin PBXVariantGroup section */
		14EB9BBD1DEB2C94004F628B /* Main.storyboard */ = {
			isa = PBXVariantGroup;
			children = (
				14EB9BBE1DEB2C94004F628B /* Base */,
			);
			name = Main.storyboard;
			sourceTree = "<group>";
		};
		14EB9BC21DEB2C94004F628B /* LaunchScreen.storyboard */ = {
			isa = PBXVariantGroup;
			children = (
				14EB9BC31DEB2C94004F628B /* Base */,
			);
			name = LaunchScreen.storyboard;
			sourceTree = "<group>";
		};
/* End PBXVariantGroup section */

/* Begin XCBuildConfiguration section */
		14EB9BC61DEB2C94004F628B /* Debug */ = {
			isa = XCBuildConfiguration;
			buildSettings = {
				ALWAYS_SEARCH_USER_PATHS = NO;
				CLANG_ANALYZER_NONNULL = YES;
				CLANG_CXX_LANGUAGE_STANDARD = "gnu++0x";
				CLANG_CXX_LIBRARY = "libc++";
				CLANG_ENABLE_MODULES = YES;
				CLANG_ENABLE_OBJC_ARC = YES;
				CLANG_WARN_BOOL_CONVERSION = YES;
				CLANG_WARN_CONSTANT_CONVERSION = YES;
				CLANG_WARN_DIRECT_OBJC_ISA_USAGE = YES_ERROR;
				CLANG_WARN_DOCUMENTATION_COMMENTS = YES;
				CLANG_WARN_EMPTY_BODY = YES;
				CLANG_WARN_ENUM_CONVERSION = YES;
				CLANG_WARN_INFINITE_RECURSION = YES;
				CLANG_WARN_INT_CONVERSION = YES;
				CLANG_WARN_OBJC_ROOT_CLASS = YES_ERROR;
				CLANG_WARN_SUSPICIOUS_MOVES = YES;
				CLANG_WARN_UNREACHABLE_CODE = YES;
				CLANG_WARN__DUPLICATE_METHOD_MATCH = YES;
				"CODE_SIGN_IDENTITY[sdk=iphoneos*]" = "iPhone Developer";
				COPY_PHASE_STRIP = NO;
				DEBUG_INFORMATION_FORMAT = dwarf;
				ENABLE_STRICT_OBJC_MSGSEND = YES;
				ENABLE_TESTABILITY = YES;
				GCC_C_LANGUAGE_STANDARD = gnu99;
				GCC_DYNAMIC_NO_PIC = NO;
				GCC_NO_COMMON_BLOCKS = YES;
				GCC_OPTIMIZATION_LEVEL = 0;
				GCC_PREPROCESSOR_DEFINITIONS = (
					"DEBUG=1",
					"$(inherited)",
				);
				GCC_WARN_64_TO_32_BIT_CONVERSION = YES;
				GCC_WARN_ABOUT_RETURN_TYPE = YES_ERROR;
				GCC_WARN_UNDECLARED_SELECTOR = YES;
				GCC_WARN_UNINITIALIZED_AUTOS = YES_AGGRESSIVE;
				GCC_WARN_UNUSED_FUNCTION = YES;
				GCC_WARN_UNUSED_VARIABLE = YES;
				IPHONEOS_DEPLOYMENT_TARGET = 10.1;
				MTL_ENABLE_DEBUG_INFO = YES;
				ONLY_ACTIVE_ARCH = YES;
				SDKROOT = iphoneos;
				SWIFT_ACTIVE_COMPILATION_CONDITIONS = DEBUG;
				SWIFT_OPTIMIZATION_LEVEL = "-Onone";
				TARGETED_DEVICE_FAMILY = "1,2";
			};
			name = Debug;
		};
		14EB9BC71DEB2C94004F628B /* Release */ = {
			isa = XCBuildConfiguration;
			buildSettings = {
				ALWAYS_SEARCH_USER_PATHS = NO;
				CLANG_ANALYZER_NONNULL = YES;
				CLANG_CXX_LANGUAGE_STANDARD = "gnu++0x";
				CLANG_CXX_LIBRARY = "libc++";
				CLANG_ENABLE_MODULES = YES;
				CLANG_ENABLE_OBJC_ARC = YES;
				CLANG_WARN_BOOL_CONVERSION = YES;
				CLANG_WARN_CONSTANT_CONVERSION = YES;
				CLANG_WARN_DIRECT_OBJC_ISA_USAGE = YES_ERROR;
				CLANG_WARN_DOCUMENTATION_COMMENTS = YES;
				CLANG_WARN_EMPTY_BODY = YES;
				CLANG_WARN_ENUM_CONVERSION = YES;
				CLANG_WARN_INFINITE_RECURSION = YES;
				CLANG_WARN_INT_CONVERSION = YES;
				CLANG_WARN_OBJC_ROOT_CLASS = YES_ERROR;
				CLANG_WARN_SUSPICIOUS_MOVES = YES;
				CLANG_WARN_UNREACHABLE_CODE = YES;
				CLANG_WARN__DUPLICATE_METHOD_MATCH = YES;
				"CODE_SIGN_IDENTITY[sdk=iphoneos*]" = "iPhone Developer";
				COPY_PHASE_STRIP = NO;
				DEBUG_INFORMATION_FORMAT = "dwarf-with-dsym";
				ENABLE_NS_ASSERTIONS = NO;
				ENABLE_STRICT_OBJC_MSGSEND = YES;
				GCC_C_LANGUAGE_STANDARD = gnu99;
				GCC_NO_COMMON_BLOCKS = YES;
				GCC_WARN_64_TO_32_BIT_CONVERSION = YES;
				GCC_WARN_ABOUT_RETURN_TYPE = YES_ERROR;
				GCC_WARN_UNDECLARED_SELECTOR = YES;
				GCC_WARN_UNINITIALIZED_AUTOS = YES_AGGRESSIVE;
				GCC_WARN_UNUSED_FUNCTION = YES;
				GCC_WARN_UNUSED_VARIABLE = YES;
				IPHONEOS_DEPLOYMENT_TARGET = 10.1;
				MTL_ENABLE_DEBUG_INFO = NO;
				SDKROOT = iphoneos;
				SWIFT_OPTIMIZATION_LEVEL = "-Owholemodule";
				TARGETED_DEVICE_FAMILY = "1,2";
				VALIDATE_PRODUCT = YES;
			};
			name = Release;
		};
		14EB9BC91DEB2C94004F628B /* Debug */ = {
			isa = XCBuildConfiguration;
			buildSettings = {
				ASSETCATALOG_COMPILER_APPICON_NAME = AppIcon;
				DEVELOPMENT_TEAM = MV849Z9VUB;
				INFOPLIST_FILE = Faceit/Info.plist;
				LD_RUNPATH_SEARCH_PATHS = "$(inherited) @executable_path/Frameworks";
				PRODUCT_BUNDLE_IDENTIFIER = jshep.Faceit;
				PRODUCT_NAME = "$(TARGET_NAME)";
				SWIFT_VERSION = 3.0;
			};
			name = Debug;
		};
		14EB9BCA1DEB2C94004F628B /* Release */ = {
			isa = XCBuildConfiguration;
			buildSettings = {
				ASSETCATALOG_COMPILER_APPICON_NAME = AppIcon;
				DEVELOPMENT_TEAM = MV849Z9VUB;
				INFOPLIST_FILE = Faceit/Info.plist;
				LD_RUNPATH_SEARCH_PATHS = "$(inherited) @executable_path/Frameworks";
				PRODUCT_BUNDLE_IDENTIFIER = jshep.Faceit;
				PRODUCT_NAME = "$(TARGET_NAME)";
				SWIFT_VERSION = 3.0;
			};
			name = Release;
		};
/* End XCBuildConfiguration section */

/* Begin XCConfigurationList section */
		14EB9BB11DEB2C93004F628B /* Build configuration list for PBXProject "Faceit" */ = {
			isa = XCConfigurationList;
			buildConfigurations = (
				14EB9BC61DEB2C94004F628B /* Debug */,
				14EB9BC71DEB2C94004F628B /* Release */,
			);
			defaultConfigurationIsVisible = 0;
			defaultConfigurationName = Release;
		};
		14EB9BC81DEB2C94004F628B /* Build configuration list for PBXNativeTarget "Faceit" */ = {
			isa = XCConfigurationList;
			buildConfigurations = (
				14EB9BC91DEB2C94004F628B /* Debug */,
				14EB9BCA1DEB2C94004F628B /* Release */,
			);
			defaultConfigurationIsVisible = 0;
		};
/* End XCConfigurationList section */
	};
	rootObject = 14EB9BAE1DEB2C93004F628B /* Project object */;
}
